// !$*UTF8*$!
{
	archiveVersion = 1;
	classes = {
	};
	objectVersion = 56;
	objects = {

/* Begin PBXBuildFile section */
		84CD8E512ABEC15B00CCD5F7 /* AppDelegate.swift in Sources */ = {isa = PBXBuildFile; fileRef = 84CD8E502ABEC15B00CCD5F7 /* AppDelegate.swift */; };
		84CD8E532ABEC15B00CCD5F7 /* SceneDelegate.swift in Sources */ = {isa = PBXBuildFile; fileRef = 84CD8E522ABEC15B00CCD5F7 /* SceneDelegate.swift */; };
		84CD8E552ABEC15B00CCD5F7 /* ViewController.swift in Sources */ = {isa = PBXBuildFile; fileRef = 84CD8E542ABEC15B00CCD5F7 /* ViewController.swift */; };
		84CD8E582ABEC15B00CCD5F7 /* Main.storyboard in Resources */ = {isa = PBXBuildFile; fileRef = 84CD8E562ABEC15B00CCD5F7 /* Main.storyboard */; };
		84CD8E5B2ABEC15B00CCD5F7 /* ToDoApp.xcdatamodeld in Sources */ = {isa = PBXBuildFile; fileRef = 84CD8E592ABEC15B00CCD5F7 /* ToDoApp.xcdatamodeld */; };
		84CD8E5D2ABEC15C00CCD5F7 /* Assets.xcassets in Resources */ = {isa = PBXBuildFile; fileRef = 84CD8E5C2ABEC15C00CCD5F7 /* Assets.xcassets */; };
		84CD8E602ABEC15C00CCD5F7 /* LaunchScreen.storyboard in Resources */ = {isa = PBXBuildFile; fileRef = 84CD8E5E2ABEC15C00CCD5F7 /* LaunchScreen.storyboard */; };
		84CD8E6C2ABEF6B800CCD5F7 /* ToDoTableViewCell.swift in Sources */ = {isa = PBXBuildFile; fileRef = 84CD8E6B2ABEF6B800CCD5F7 /* ToDoTableViewCell.swift */; };
		84CD8E6E2ABEF8EF00CCD5F7 /* DetailViewController.swift in Sources */ = {isa = PBXBuildFile; fileRef = 84CD8E6D2ABEF8EF00CCD5F7 /* DetailViewController.swift */; };
		84CD8E712ABEF98E00CCD5F7 /* ToDoData+CoreDataClass.swift in Sources */ = {isa = PBXBuildFile; fileRef = 84CD8E6F2ABEF98E00CCD5F7 /* ToDoData+CoreDataClass.swift */; };
		84CD8E722ABEF98E00CCD5F7 /* ToDoData+CoreDataProperties.swift in Sources */ = {isa = PBXBuildFile; fileRef = 84CD8E702ABEF98E00CCD5F7 /* ToDoData+CoreDataProperties.swift */; };
		84CD8E742ABEFA4900CCD5F7 /* ToDoDataManager.swift in Sources */ = {isa = PBXBuildFile; fileRef = 84CD8E732ABEFA4900CCD5F7 /* ToDoDataManager.swift */; };
		84CD8E762ABEFF2A00CCD5F7 /* Constants.swift in Sources */ = {isa = PBXBuildFile; fileRef = 84CD8E752ABEFF2A00CCD5F7 /* Constants.swift */; };
		84CD8E782ABF02FE00CCD5F7 /* MyColor.swift in Sources */ = {isa = PBXBuildFile; fileRef = 84CD8E772ABF02FE00CCD5F7 /* MyColor.swift */; };
/* End PBXBuildFile section */

/* Begin PBXFileReference section */
		84CD8E4D2ABEC15B00CCD5F7 /* ToDoApp.app */ = {isa = PBXFileReference; explicitFileType = wrapper.application; includeInIndex = 0; path = ToDoApp.app; sourceTree = BUILT_PRODUCTS_DIR; };
		84CD8E502ABEC15B00CCD5F7 /* AppDelegate.swift */ = {isa = PBXFileReference; lastKnownFileType = sourcecode.swift; path = AppDelegate.swift; sourceTree = "<group>"; };
		84CD8E522ABEC15B00CCD5F7 /* SceneDelegate.swift */ = {isa = PBXFileReference; lastKnownFileType = sourcecode.swift; path = SceneDelegate.swift; sourceTree = "<group>"; };
		84CD8E542ABEC15B00CCD5F7 /* ViewController.swift */ = {isa = PBXFileReference; lastKnownFileType = sourcecode.swift; path = ViewController.swift; sourceTree = "<group>"; };
		84CD8E572ABEC15B00CCD5F7 /* Base */ = {isa = PBXFileReference; lastKnownFileType = file.storyboard; name = Base; path = Base.lproj/Main.storyboard; sourceTree = "<group>"; };
		84CD8E5A2ABEC15B00CCD5F7 /* ToDoApp.xcdatamodel */ = {isa = PBXFileReference; lastKnownFileType = wrapper.xcdatamodel; path = ToDoApp.xcdatamodel; sourceTree = "<group>"; };
		84CD8E5C2ABEC15C00CCD5F7 /* Assets.xcassets */ = {isa = PBXFileReference; lastKnownFileType = folder.assetcatalog; path = Assets.xcassets; sourceTree = "<group>"; };
		84CD8E5F2ABEC15C00CCD5F7 /* Base */ = {isa = PBXFileReference; lastKnownFileType = file.storyboard; name = Base; path = Base.lproj/LaunchScreen.storyboard; sourceTree = "<group>"; };
		84CD8E612ABEC15C00CCD5F7 /* Info.plist */ = {isa = PBXFileReference; lastKnownFileType = text.plist.xml; path = Info.plist; sourceTree = "<group>"; };
		84CD8E6B2ABEF6B800CCD5F7 /* ToDoTableViewCell.swift */ = {isa = PBXFileReference; lastKnownFileType = sourcecode.swift; path = ToDoTableViewCell.swift; sourceTree = "<group>"; };
		84CD8E6D2ABEF8EF00CCD5F7 /* DetailViewController.swift */ = {isa = PBXFileReference; lastKnownFileType = sourcecode.swift; path = DetailViewController.swift; sourceTree = "<group>"; };
		84CD8E6F2ABEF98E00CCD5F7 /* ToDoData+CoreDataClass.swift */ = {isa = PBXFileReference; lastKnownFileType = sourcecode.swift; path = "ToDoData+CoreDataClass.swift"; sourceTree = "<group>"; };
		84CD8E702ABEF98E00CCD5F7 /* ToDoData+CoreDataProperties.swift */ = {isa = PBXFileReference; lastKnownFileType = sourcecode.swift; path = "ToDoData+CoreDataProperties.swift"; sourceTree = "<group>"; };
		84CD8E732ABEFA4900CCD5F7 /* ToDoDataManager.swift */ = {isa = PBXFileReference; lastKnownFileType = sourcecode.swift; path = ToDoDataManager.swift; sourceTree = "<group>"; };
		84CD8E752ABEFF2A00CCD5F7 /* Constants.swift */ = {isa = PBXFileReference; lastKnownFileType = sourcecode.swift; path = Constants.swift; sourceTree = "<group>"; };
		84CD8E772ABF02FE00CCD5F7 /* MyColor.swift */ = {isa = PBXFileReference; lastKnownFileType = sourcecode.swift; path = MyColor.swift; sourceTree = "<group>"; };
/* End PBXFileReference section */

/* Begin PBXFrameworksBuildPhase section */
		84CD8E4A2ABEC15B00CCD5F7 /* Frameworks */ = {
			isa = PBXFrameworksBuildPhase;
			buildActionMask = 2147483647;
			files = (
			);
			runOnlyForDeploymentPostprocessing = 0;
		};
/* End PBXFrameworksBuildPhase section */

/* Begin PBXGroup section */
		84CD8E442ABEC15B00CCD5F7 = {
			isa = PBXGroup;
			children = (
				84CD8E4F2ABEC15B00CCD5F7 /* ToDoApp */,
				84CD8E4E2ABEC15B00CCD5F7 /* Products */,
			);
			sourceTree = "<group>";
		};
		84CD8E4E2ABEC15B00CCD5F7 /* Products */ = {
			isa = PBXGroup;
			children = (
				84CD8E4D2ABEC15B00CCD5F7 /* ToDoApp.app */,
			);
			name = Products;
			sourceTree = "<group>";
		};
		84CD8E4F2ABEC15B00CCD5F7 /* ToDoApp */ = {
			isa = PBXGroup;
			children = (
				84CD8E502ABEC15B00CCD5F7 /* AppDelegate.swift */,
				84CD8E522ABEC15B00CCD5F7 /* SceneDelegate.swift */,
				84CD8E6A2ABEF3E700CCD5F7 /* Helpers */,
				84CD8E692ABEF3E300CCD5F7 /* Mdoels */,
				84CD8E672ABEF3CD00CCD5F7 /* Views */,
				84CD8E682ABEF3D800CCD5F7 /* Conrollers */,
				84CD8E5C2ABEC15C00CCD5F7 /* Assets.xcassets */,
				84CD8E5E2ABEC15C00CCD5F7 /* LaunchScreen.storyboard */,
				84CD8E612ABEC15C00CCD5F7 /* Info.plist */,
				84CD8E592ABEC15B00CCD5F7 /* ToDoApp.xcdatamodeld */,
			);
			path = ToDoApp;
			sourceTree = "<group>";
		};
		84CD8E672ABEF3CD00CCD5F7 /* Views */ = {
			isa = PBXGroup;
			children = (
				84CD8E562ABEC15B00CCD5F7 /* Main.storyboard */,
				84CD8E6B2ABEF6B800CCD5F7 /* ToDoTableViewCell.swift */,
			);
			path = Views;
			sourceTree = "<group>";
		};
		84CD8E682ABEF3D800CCD5F7 /* Conrollers */ = {
			isa = PBXGroup;
			children = (
				84CD8E542ABEC15B00CCD5F7 /* ViewController.swift */,
				84CD8E6D2ABEF8EF00CCD5F7 /* DetailViewController.swift */,
			);
			path = Conrollers;
			sourceTree = "<group>";
		};
		84CD8E692ABEF3E300CCD5F7 /* Mdoels */ = {
			isa = PBXGroup;
			children = (
				84CD8E6F2ABEF98E00CCD5F7 /* ToDoData+CoreDataClass.swift */,
				84CD8E702ABEF98E00CCD5F7 /* ToDoData+CoreDataProperties.swift */,
				84CD8E732ABEFA4900CCD5F7 /* ToDoDataManager.swift */,
			);
			path = Mdoels;
			sourceTree = "<group>";
		};
		84CD8E6A2ABEF3E700CCD5F7 /* Helpers */ = {
			isa = PBXGroup;
			children = (
				84CD8E752ABEFF2A00CCD5F7 /* Constants.swift */,
				84CD8E772ABF02FE00CCD5F7 /* MyColor.swift */,
			);
			path = Helpers;
			sourceTree = "<group>";
		};
/* End PBXGroup section */

/* Begin PBXNativeTarget section */
		84CD8E4C2ABEC15B00CCD5F7 /* ToDoApp */ = {
			isa = PBXNativeTarget;
			buildConfigurationList = 84CD8E642ABEC15C00CCD5F7 /* Build configuration list for PBXNativeTarget "ToDoApp" */;
			buildPhases = (
				84CD8E492ABEC15B00CCD5F7 /* Sources */,
				84CD8E4A2ABEC15B00CCD5F7 /* Frameworks */,
				84CD8E4B2ABEC15B00CCD5F7 /* Resources */,
			);
			buildRules = (
			);
			dependencies = (
			);
			name = ToDoApp;
			productName = ToDoApp;
			productReference = 84CD8E4D2ABEC15B00CCD5F7 /* ToDoApp.app */;
			productType = "com.apple.product-type.application";
		};
/* End PBXNativeTarget section */

/* Begin PBXProject section */
		84CD8E452ABEC15B00CCD5F7 /* Project object */ = {
			isa = PBXProject;
			attributes = {
				BuildIndependentTargetsInParallel = 1;
				LastSwiftUpdateCheck = 1500;
				LastUpgradeCheck = 1500;
				TargetAttributes = {
					84CD8E4C2ABEC15B00CCD5F7 = {
						CreatedOnToolsVersion = 15.0;
					};
				};
			};
			buildConfigurationList = 84CD8E482ABEC15B00CCD5F7 /* Build configuration list for PBXProject "ToDoApp" */;
			compatibilityVersion = "Xcode 14.0";
			developmentRegion = en;
			hasScannedForEncodings = 0;
			knownRegions = (
				en,
				Base,
			);
			mainGroup = 84CD8E442ABEC15B00CCD5F7;
			productRefGroup = 84CD8E4E2ABEC15B00CCD5F7 /* Products */;
			projectDirPath = "";
			projectRoot = "";
			targets = (
				84CD8E4C2ABEC15B00CCD5F7 /* ToDoApp */,
			);
		};
/* End PBXProject section */

/* Begin PBXResourcesBuildPhase section */
		84CD8E4B2ABEC15B00CCD5F7 /* Resources */ = {
			isa = PBXResourcesBuildPhase;
			buildActionMask = 2147483647;
			files = (
				84CD8E602ABEC15C00CCD5F7 /* LaunchScreen.storyboard in Resources */,
				84CD8E5D2ABEC15C00CCD5F7 /* Assets.xcassets in Resources */,
				84CD8E582ABEC15B00CCD5F7 /* Main.storyboard in Resources */,
			);
			runOnlyForDeploymentPostprocessing = 0;
		};
/* End PBXResourcesBuildPhase section */

/* Begin PBXSourcesBuildPhase section */
		84CD8E492ABEC15B00CCD5F7 /* Sources */ = {
			isa = PBXSourcesBuildPhase;
			buildActionMask = 2147483647;
			files = (
				84CD8E552ABEC15B00CCD5F7 /* ViewController.swift in Sources */,
				84CD8E712ABEF98E00CCD5F7 /* ToDoData+CoreDataClass.swift in Sources */,
				84CD8E742ABEFA4900CCD5F7 /* ToDoDataManager.swift in Sources */,
				84CD8E782ABF02FE00CCD5F7 /* MyColor.swift in Sources */,
				84CD8E512ABEC15B00CCD5F7 /* AppDelegate.swift in Sources */,
				84CD8E532ABEC15B00CCD5F7 /* SceneDelegate.swift in Sources */,
				84CD8E762ABEFF2A00CCD5F7 /* Constants.swift in Sources */,
				84CD8E6E2ABEF8EF00CCD5F7 /* DetailViewController.swift in Sources */,
				84CD8E722ABEF98E00CCD5F7 /* ToDoData+CoreDataProperties.swift in Sources */,
				84CD8E5B2ABEC15B00CCD5F7 /* ToDoApp.xcdatamodeld in Sources */,
				84CD8E6C2ABEF6B800CCD5F7 /* ToDoTableViewCell.swift in Sources */,
			);
			runOnlyForDeploymentPostprocessing = 0;
		};
/* End PBXSourcesBuildPhase section */

/* Begin PBXVariantGroup section */
		84CD8E562ABEC15B00CCD5F7 /* Main.storyboard */ = {
			isa = PBXVariantGroup;
			children = (
				84CD8E572ABEC15B00CCD5F7 /* Base */,
			);
			name = Main.storyboard;
			sourceTree = "<group>";
		};
		84CD8E5E2ABEC15C00CCD5F7 /* LaunchScreen.storyboard */ = {
			isa = PBXVariantGroup;
			children = (
				84CD8E5F2ABEC15C00CCD5F7 /* Base */,
			);
			name = LaunchScreen.storyboard;
			sourceTree = "<group>";
		};
/* End PBXVariantGroup section */

/* Begin XCBuildConfiguration section */
		84CD8E622ABEC15C00CCD5F7 /* Debug */ = {
			isa = XCBuildConfiguration;
			buildSettings = {
				ALWAYS_SEARCH_USER_PATHS = NO;
				ASSETCATALOG_COMPILER_GENERATE_SWIFT_ASSET_SYMBOL_EXTENSIONS = YES;
				CLANG_ANALYZER_NONNULL = YES;
				CLANG_ANALYZER_NUMBER_OBJECT_CONVERSION = YES_AGGRESSIVE;
				CLANG_CXX_LANGUAGE_STANDARD = "gnu++20";
				CLANG_ENABLE_MODULES = YES;
				CLANG_ENABLE_OBJC_ARC = YES;
				CLANG_ENABLE_OBJC_WEAK = YES;
				CLANG_WARN_BLOCK_CAPTURE_AUTORELEASING = YES;
				CLANG_WARN_BOOL_CONVERSION = YES;
				CLANG_WARN_COMMA = YES;
				CLANG_WARN_CONSTANT_CONVERSION = YES;
				CLANG_WARN_DEPRECATED_OBJC_IMPLEMENTATIONS = YES;
				CLANG_WARN_DIRECT_OBJC_ISA_USAGE = YES_ERROR;
				CLANG_WARN_DOCUMENTATION_COMMENTS = YES;
				CLANG_WARN_EMPTY_BODY = YES;
				CLANG_WARN_ENUM_CONVERSION = YES;
				CLANG_WARN_INFINITE_RECURSION = YES;
				CLANG_WARN_INT_CONVERSION = YES;
				CLANG_WARN_NON_LITERAL_NULL_CONVERSION = YES;
				CLANG_WARN_OBJC_IMPLICIT_RETAIN_SELF = YES;
				CLANG_WARN_OBJC_LITERAL_CONVERSION = YES;
				CLANG_WARN_OBJC_ROOT_CLASS = YES_ERROR;
				CLANG_WARN_QUOTED_INCLUDE_IN_FRAMEWORK_HEADER = YES;
				CLANG_WARN_RANGE_LOOP_ANALYSIS = YES;
				CLANG_WARN_STRICT_PROTOTYPES = YES;
				CLANG_WARN_SUSPICIOUS_MOVE = YES;
				CLANG_WARN_UNGUARDED_AVAILABILITY = YES_AGGRESSIVE;
				CLANG_WARN_UNREACHABLE_CODE = YES;
				CLANG_WARN__DUPLICATE_METHOD_MATCH = YES;
				COPY_PHASE_STRIP = NO;
				DEBUG_INFORMATION_FORMAT = dwarf;
				ENABLE_STRICT_OBJC_MSGSEND = YES;
				ENABLE_TESTABILITY = YES;
				ENABLE_USER_SCRIPT_SANDBOXING = YES;
				GCC_C_LANGUAGE_STANDARD = gnu17;
				GCC_DYNAMIC_NO_PIC = NO;
				GCC_NO_COMMON_BLOCKS = YES;
				GCC_OPTIMIZATION_LEVEL = 0;
				GCC_PREPROCESSOR_DEFINITIONS = (
					"DEBUG=1",
					"$(inherited)",
				);
				GCC_WARN_64_TO_32_BIT_CONVERSION = YES;
				GCC_WARN_ABOUT_RETURN_TYPE = YES_ERROR;
				GCC_WARN_UNDECLARED_SELECTOR = YES;
				GCC_WARN_UNINITIALIZED_AUTOS = YES_AGGRESSIVE;
				GCC_WARN_UNUSED_FUNCTION = YES;
				GCC_WARN_UNUSED_VARIABLE = YES;
				IPHONEOS_DEPLOYMENT_TARGET = 17.0;
				LOCALIZATION_PREFERS_STRING_CATALOGS = YES;
				MTL_ENABLE_DEBUG_INFO = INCLUDE_SOURCE;
				MTL_FAST_MATH = YES;
				ONLY_ACTIVE_ARCH = YES;
				SDKROOT = iphoneos;
				SWIFT_ACTIVE_COMPILATION_CONDITIONS = "DEBUG $(inherited)";
				SWIFT_OPTIMIZATION_LEVEL = "-Onone";
			};
			name = Debug;
		};
		84CD8E632ABEC15C00CCD5F7 /* Release */ = {
			isa = XCBuildConfiguration;
			buildSettings = {
				ALWAYS_SEARCH_USER_PATHS = NO;
				ASSETCATALOG_COMPILER_GENERATE_SWIFT_ASSET_SYMBOL_EXTENSIONS = YES;
				CLANG_ANALYZER_NONNULL = YES;
				CLANG_ANALYZER_NUMBER_OBJECT_CONVERSION = YES_AGGRESSIVE;
				CLANG_CXX_LANGUAGE_STANDARD = "gnu++20";
				CLANG_ENABLE_MODULES = YES;
				CLANG_ENABLE_OBJC_ARC = YES;
				CLANG_ENABLE_OBJC_WEAK = YES;
				CLANG_WARN_BLOCK_CAPTURE_AUTORELEASING = YES;
				CLANG_WARN_BOOL_CONVERSION = YES;
				CLANG_WARN_COMMA = YES;
				CLANG_WARN_CONSTANT_CONVERSION = YES;
				CLANG_WARN_DEPRECATED_OBJC_IMPLEMENTATIONS = YES;
				CLANG_WARN_DIRECT_OBJC_ISA_USAGE = YES_ERROR;
				CLANG_WARN_DOCUMENTATION_COMMENTS = YES;
				CLANG_WARN_EMPTY_BODY = YES;
				CLANG_WARN_ENUM_CONVERSION = YES;
				CLANG_WARN_INFINITE_RECURSION = YES;
				CLANG_WARN_INT_CONVERSION = YES;
				CLANG_WARN_NON_LITERAL_NULL_CONVERSION = YES;
				CLANG_WARN_OBJC_IMPLICIT_RETAIN_SELF = YES;
				CLANG_WARN_OBJC_LITERAL_CONVERSION = YES;
				CLANG_WARN_OBJC_ROOT_CLASS = YES_ERROR;
				CLANG_WARN_QUOTED_INCLUDE_IN_FRAMEWORK_HEADER = YES;
				CLANG_WARN_RANGE_LOOP_ANALYSIS = YES;
				CLANG_WARN_STRICT_PROTOTYPES = YES;
				CLANG_WARN_SUSPICIOUS_MOVE = YES;
				CLANG_WARN_UNGUARDED_AVAILABILITY = YES_AGGRESSIVE;
				CLANG_WARN_UNREACHABLE_CODE = YES;
				CLANG_WARN__DUPLICATE_METHOD_MATCH = YES;
				COPY_PHASE_STRIP = NO;
				DEBUG_INFORMATION_FORMAT = "dwarf-with-dsym";
				ENABLE_NS_ASSERTIONS = NO;
				ENABLE_STRICT_OBJC_MSGSEND = YES;
				ENABLE_USER_SCRIPT_SANDBOXING = YES;
				GCC_C_LANGUAGE_STANDARD = gnu17;
				GCC_NO_COMMON_BLOCKS = YES;
				GCC_WARN_64_TO_32_BIT_CONVERSION = YES;
				GCC_WARN_ABOUT_RETURN_TYPE = YES_ERROR;
				GCC_WARN_UNDECLARED_SELECTOR = YES;
				GCC_WARN_UNINITIALIZED_AUTOS = YES_AGGRESSIVE;
				GCC_WARN_UNUSED_FUNCTION = YES;
				GCC_WARN_UNUSED_VARIABLE = YES;
				IPHONEOS_DEPLOYMENT_TARGET = 17.0;
				LOCALIZATION_PREFERS_STRING_CATALOGS = YES;
				MTL_ENABLE_DEBUG_INFO = NO;
				MTL_FAST_MATH = YES;
				SDKROOT = iphoneos;
				SWIFT_COMPILATION_MODE = wholemodule;
				VALIDATE_PRODUCT = YES;
			};
			name = Release;
		};
		84CD8E652ABEC15C00CCD5F7 /* Debug */ = {
			isa = XCBuildConfiguration;
			buildSettings = {
				ASSETCATALOG_COMPILER_APPICON_NAME = AppIcon;
				ASSETCATALOG_COMPILER_GLOBAL_ACCENT_COLOR_NAME = AccentColor;
				CODE_SIGN_STYLE = Automatic;
				CURRENT_PROJECT_VERSION = 1;
				DEVELOPMENT_TEAM = 7ZGNSW44CF;
				GENERATE_INFOPLIST_FILE = YES;
				INFOPLIST_FILE = ToDoApp/Info.plist;
				INFOPLIST_KEY_UIApplicationSupportsIndirectInputEvents = YES;
				INFOPLIST_KEY_UILaunchStoryboardName = LaunchScreen;
				INFOPLIST_KEY_UIMainStoryboardFile = Main;
				INFOPLIST_KEY_UISupportedInterfaceOrientations_iPad = "UIInterfaceOrientationPortrait UIInterfaceOrientationPortraitUpsideDown UIInterfaceOrientationLandscapeLeft UIInterfaceOrientationLandscapeRight";
				INFOPLIST_KEY_UISupportedInterfaceOrientations_iPhone = "UIInterfaceOrientationPortrait UIInterfaceOrientationLandscapeLeft UIInterfaceOrientationLandscapeRight";
				IPHONEOS_DEPLOYMENT_TARGET = 15.0;
				LD_RUNPATH_SEARCH_PATHS = (
					"$(inherited)",
					"@executable_path/Frameworks",
				);
				MARKETING_VERSION = 1.0;
				PRODUCT_BUNDLE_IDENTIFIER = com.cje.ToDoApp;
				PRODUCT_NAME = "$(TARGET_NAME)";
				SWIFT_EMIT_LOC_STRINGS = YES;
				SWIFT_VERSION = 5.0;
				TARGETED_DEVICE_FAMILY = "1,2";
			};
			name = Debug;
		};
		84CD8E662ABEC15C00CCD5F7 /* Release */ = {
			isa = XCBuildConfiguration;
			buildSettings = {
				ASSETCATALOG_COMPILER_APPICON_NAME = AppIcon;
				ASSETCATALOG_COMPILER_GLOBAL_ACCENT_COLOR_NAME = AccentColor;
				CODE_SIGN_STYLE = Automatic;
				CURRENT_PROJECT_VERSION = 1;
				DEVELOPMENT_TEAM = 7ZGNSW44CF;
				GENERATE_INFOPLIST_FILE = YES;
				INFOPLIST_FILE = ToDoApp/Info.plist;
				INFOPLIST_KEY_UIApplicationSupportsIndirectInputEvents = YES;
				INFOPLIST_KEY_UILaunchStoryboardName = LaunchScreen;
				INFOPLIST_KEY_UIMainStoryboardFile = Main;
				INFOPLIST_KEY_UISupportedInterfaceOrientations_iPad = "UIInterfaceOrientationPortrait UIInterfaceOrientationPortraitUpsideDown UIInterfaceOrientationLandscapeLeft UIInterfaceOrientationLandscapeRight";
				INFOPLIST_KEY_UISupportedInterfaceOrientations_iPhone = "UIInterfaceOrientationPortrait UIInterfaceOrientationLandscapeLeft UIInterfaceOrientationLandscapeRight";
				IPHONEOS_DEPLOYMENT_TARGET = 15.0;
				LD_RUNPATH_SEARCH_PATHS = (
					"$(inherited)",
					"@executable_path/Frameworks",
				);
				MARKETING_VERSION = 1.0;
				PRODUCT_BUNDLE_IDENTIFIER = com.cje.ToDoApp;
				PRODUCT_NAME = "$(TARGET_NAME)";
				SWIFT_EMIT_LOC_STRINGS = YES;
				SWIFT_VERSION = 5.0;
				TARGETED_DEVICE_FAMILY = "1,2";
			};
			name = Release;
		};
/* End XCBuildConfiguration section */

/* Begin XCConfigurationList section */
		84CD8E482ABEC15B00CCD5F7 /* Build configuration list for PBXProject "ToDoApp" */ = {
			isa = XCConfigurationList;
			buildConfigurations = (
				84CD8E622ABEC15C00CCD5F7 /* Debug */,
				84CD8E632ABEC15C00CCD5F7 /* Release */,
			);
			defaultConfigurationIsVisible = 0;
			defaultConfigurationName = Release;
		};
		84CD8E642ABEC15C00CCD5F7 /* Build configuration list for PBXNativeTarget "ToDoApp" */ = {
			isa = XCConfigurationList;
			buildConfigurations = (
				84CD8E652ABEC15C00CCD5F7 /* Debug */,
				84CD8E662ABEC15C00CCD5F7 /* Release */,
			);
			defaultConfigurationIsVisible = 0;
			defaultConfigurationName = Release;
		};
/* End XCConfigurationList section */

/* Begin XCVersionGroup section */
		84CD8E592ABEC15B00CCD5F7 /* ToDoApp.xcdatamodeld */ = {
			isa = XCVersionGroup;
			children = (
				84CD8E5A2ABEC15B00CCD5F7 /* ToDoApp.xcdatamodel */,
			);
			currentVersion = 84CD8E5A2ABEC15B00CCD5F7 /* ToDoApp.xcdatamodel */;
			path = ToDoApp.xcdatamodeld;
			sourceTree = "<group>";
			versionGroupType = wrapper.xcdatamodel;
		};
/* End XCVersionGroup section */
	};
	rootObject = 84CD8E452ABEC15B00CCD5F7 /* Project object */;
}
